
Microsoft Visual Studio Solution File, Format Version 12.00
# Visual Studio Version 16
VisualStudioVersion = 16.0.31112.23
MinimumVisualStudioVersion = 10.0.40219.1
Project("{FAE04EC0-301F-11D3-BF4B-00C04F79EFBC}") = "JolumaPOS_v2.Server", "JolumaPOS_v2\Server\JolumaPOS_v2.Server.csproj", "{8776301F-2BAB-4021-88E3-2ADE8382AFD9}"
EndProject
Project("{FAE04EC0-301F-11D3-BF4B-00C04F79EFBC}") = "JolumaPOS_v2.Client", "JolumaPOS_v2\Client\JolumaPOS_v2.Client.csproj", "{2A86D66D-B314-45B1-8BB5-915165076187}"
EndProject
Project("{FAE04EC0-301F-11D3-BF4B-00C04F79EFBC}") = "JolumaPOS_v2.Shared", "JolumaPOS_v2\Shared\JolumaPOS_v2.Shared.csproj", "{E1926F7C-9988-445D-8D72-3AB21F15FF3E}"
EndProject
Global
	GlobalSection(SolutionConfigurationPlatforms) = preSolution
		Debug|Any CPU = Debug|Any CPU
		Release|Any CPU = Release|Any CPU
	EndGlobalSection
	GlobalSection(ProjectConfigurationPlatforms) = postSolution
		{8776301F-2BAB-4021-88E3-2ADE8382AFD9}.Debug|Any CPU.ActiveCfg = Debug|Any CPU
		{8776301F-2BAB-4021-88E3-2ADE8382AFD9}.Debug|Any CPU.Build.0 = Debug|Any CPU
		{8776301F-2BAB-4021-88E3-2ADE8382AFD9}.Release|Any CPU.ActiveCfg = Release|Any CPU
		{8776301F-2BAB-4021-88E3-2ADE8382AFD9}.Release|Any CPU.Build.0 = Release|Any CPU
		{2A86D66D-B314-45B1-8BB5-915165076187}.Debug|Any CPU.ActiveCfg = Debug|Any CPU
		{2A86D66D-B314-45B1-8BB5-915165076187}.Debug|Any CPU.Build.0 = Debug|Any CPU
		{2A86D66D-B314-45B1-8BB5-915165076187}.Release|Any CPU.ActiveCfg = Release|Any CPU
		{2A86D66D-B314-45B1-8BB5-915165076187}.Release|Any CPU.Build.0 = Release|Any CPU
		{E1926F7C-9988-445D-8D72-3AB21F15FF3E}.Debug|Any CPU.ActiveCfg = Debug|Any CPU
		{E1926F7C-9988-445D-8D72-3AB21F15FF3E}.Debug|Any CPU.Build.0 = Debug|Any CPU
		{E1926F7C-9988-445D-8D72-3AB21F15FF3E}.Release|Any CPU.ActiveCfg = Release|Any CPU
		{E1926F7C-9988-445D-8D72-3AB21F15FF3E}.Release|Any CPU.Build.0 = Release|Any CPU
	EndGlobalSection
	GlobalSection(SolutionProperties) = preSolution
		HideSolutionNode = FALSE
	EndGlobalSection
	GlobalSection(ExtensibilityGlobals) = postSolution
		SolutionGuid = {6BE06661-A66E-4A6B-9037-07213C83CAE0}
	EndGlobalSection
EndGlobal
